# This file is automatically @generated by Cargo.
# It is not intended for manual editing.
version = 4

[[package]]
name = "bitflags"
version = "1.2.1"
source = "registry+https://github.com/rust-lang/crates.io-index"
checksum = "cf1de2fe8c75bc145a2f577add951f8134889b4795d47466a54a5c846d691693"

[[package]]
name = "libc"
version = "0.2.177"
source = "registry+https://github.com/rust-lang/crates.io-index"
checksum = "2874a2af47a2325c2001a6e6fad9b16a53b802102b528163885171cf92b15976"

[[package]]
name = "micro_http"
version = "0.1.0"
dependencies = [
 "libc",
 "vmm-sys-util",
]

[[package]]
name = "vmm-sys-util"
version = "0.15.0"
source = "registry+https://github.com/rust-lang/crates.io-index"
checksum = "506c62fdf617a5176827c2f9afbcf1be155b03a9b4bf9617a60dbc07e3a1642f"
dependencies = [
 "bitflags",
 "libc",
]
